
Microsoft Visual Studio Solution File, Format Version 12.00
# Visual Studio Version 17
VisualStudioVersion = 17.13.35825.156
MinimumVisualStudioVersion = 10.0.40219.1
Project("{FAE04EC0-301F-11D3-BF4B-00C04F79EFBC}") = "TryCatchFinally", "TryCatchFinally\TryCatchFinally.csproj", "{5D970FB4-C485-4BD7-B542-08E07FC212FC}"
EndProject
Project("{FAE04EC0-301F-11D3-BF4B-00C04F79EFBC}") = "LancandoExeptions", "LancandoExeptions\LancandoExeptions.csproj", "{68066AA8-DC77-41BC-8793-1C12F0A62C5F}"
EndProject
Project("{FAE04EC0-301F-11D3-BF4B-00C04F79EFBC}") = "FiltrarExecoes", "FiltrarExecoes\FiltrarExecoes.csproj", "{7F094674-F9D8-43F2-A1A5-0259460C3856}"
EndProject
Project("{FAE04EC0-301F-11D3-BF4B-00C04F79EFBC}") = "TratamentoExecoesExercicio", "TratamentoExecoesExercicio\TratamentoExecoesExercicio.csproj", "{14E4E2DC-B18A-49B7-B285-2A8899E89716}"
EndProject
Global
	GlobalSection(SolutionConfigurationPlatforms) = preSolution
		Debug|Any CPU = Debug|Any CPU
		Release|Any CPU = Release|Any CPU
	EndGlobalSection
	GlobalSection(ProjectConfigurationPlatforms) = postSolution
		{5D970FB4-C485-4BD7-B542-08E07FC212FC}.Debug|Any CPU.ActiveCfg = Debug|Any CPU
		{5D970FB4-C485-4BD7-B542-08E07FC212FC}.Debug|Any CPU.Build.0 = Debug|Any CPU
		{5D970FB4-C485-4BD7-B542-08E07FC212FC}.Release|Any CPU.ActiveCfg = Release|Any CPU
		{5D970FB4-C485-4BD7-B542-08E07FC212FC}.Release|Any CPU.Build.0 = Release|Any CPU
		{68066AA8-DC77-41BC-8793-1C12F0A62C5F}.Debug|Any CPU.ActiveCfg = Debug|Any CPU
		{68066AA8-DC77-41BC-8793-1C12F0A62C5F}.Debug|Any CPU.Build.0 = Debug|Any CPU
		{68066AA8-DC77-41BC-8793-1C12F0A62C5F}.Release|Any CPU.ActiveCfg = Release|Any CPU
		{68066AA8-DC77-41BC-8793-1C12F0A62C5F}.Release|Any CPU.Build.0 = Release|Any CPU
		{7F094674-F9D8-43F2-A1A5-0259460C3856}.Debug|Any CPU.ActiveCfg = Debug|Any CPU
		{7F094674-F9D8-43F2-A1A5-0259460C3856}.Debug|Any CPU.Build.0 = Debug|Any CPU
		{7F094674-F9D8-43F2-A1A5-0259460C3856}.Release|Any CPU.ActiveCfg = Release|Any CPU
		{7F094674-F9D8-43F2-A1A5-0259460C3856}.Release|Any CPU.Build.0 = Release|Any CPU
		{14E4E2DC-B18A-49B7-B285-2A8899E89716}.Debug|Any CPU.ActiveCfg = Debug|Any CPU
		{14E4E2DC-B18A-49B7-B285-2A8899E89716}.Debug|Any CPU.Build.0 = Debug|Any CPU
		{14E4E2DC-B18A-49B7-B285-2A8899E89716}.Release|Any CPU.ActiveCfg = Release|Any CPU
		{14E4E2DC-B18A-49B7-B285-2A8899E89716}.Release|Any CPU.Build.0 = Release|Any CPU
	EndGlobalSection
	GlobalSection(SolutionProperties) = preSolution
		HideSolutionNode = FALSE
	EndGlobalSection
	GlobalSection(ExtensibilityGlobals) = postSolution
		SolutionGuid = {587064CE-F3FF-44FF-9D93-12903607A0D9}
	EndGlobalSection
EndGlobal
