
Microsoft Visual Studio Solution File, Format Version 12.00
# Visual Studio Version 17
VisualStudioVersion = 17.12.35527.113
MinimumVisualStudioVersion = 10.0.40219.1
Project("{FAE04EC0-301F-11D3-BF4B-00C04F79EFBC}") = "Estrutura_if1", "Estrutura_if1\Estrutura_if1.csproj", "{DC1F0E9A-6A1D-450A-930D-F53D5F994160}"
EndProject
Project("{FAE04EC0-301F-11D3-BF4B-00C04F79EFBC}") = "2Estrutura_if_else", "2Estrutura_if_else\2Estrutura_if_else.csproj", "{A8AD0DC2-7686-443C-B30E-F849DEA8F0A3}"
EndProject
Project("{FAE04EC0-301F-11D3-BF4B-00C04F79EFBC}") = "3Estrutura_if_else_if", "3Estrutura_if_else_if\3Estrutura_if_else_if.csproj", "{6ADF4706-C69F-46D0-B5C5-0592D6B938DC}"
EndProject
Project("{FAE04EC0-301F-11D3-BF4B-00C04F79EFBC}") = "4Estrutura_switch_case", "4Estrutura_switch_case\4Estrutura_switch_case.csproj", "{278B890B-9098-460D-96C3-3182A1D20F03}"
EndProject
Project("{FAE04EC0-301F-11D3-BF4B-00C04F79EFBC}") = "Repeticao_goto", "Repeticao_goto\Repeticao_goto.csproj", "{B1B71C4D-663F-4EB4-AB00-9D57900D9805}"
EndProject
Project("{FAE04EC0-301F-11D3-BF4B-00C04F79EFBC}") = "6Repeticao_while", "6Repeticao_while\6Repeticao_while.csproj", "{23092BE3-1F96-4CBF-840B-6BE69AD86078}"
EndProject
Project("{FAE04EC0-301F-11D3-BF4B-00C04F79EFBC}") = "8Repeticao_for", "8Repeticao_for\8Repeticao_for.csproj", "{074E4EAA-42A1-4B22-B205-406DCBD631E1}"
EndProject
Project("{FAE04EC0-301F-11D3-BF4B-00C04F79EFBC}") = "9Repeticao_for", "9Repeticao_for\9Repeticao_for.csproj", "{FBC4EDC2-BBE7-4C6F-98A3-F9A2866FCF90}"
EndProject
Project("{FAE04EC0-301F-11D3-BF4B-00C04F79EFBC}") = "10Break_Continue", "10Break_Continue\10Break_Continue.csproj", "{9579B506-AE76-4819-A076-E38D4E5C127E}"
EndProject
Project("{FAE04EC0-301F-11D3-BF4B-00C04F79EFBC}") = "Exercicio1", "Exercicio1\Exercicio1.csproj", "{DCAC9B17-F4B9-458A-8F92-9795D2A7E175}"
EndProject
Project("{FAE04EC0-301F-11D3-BF4B-00C04F79EFBC}") = "Exercicio2", "Exercicio2\Exercicio2.csproj", "{DDF67889-2EE4-4C03-A7CD-D0DDBDD38459}"
EndProject
Project("{FAE04EC0-301F-11D3-BF4B-00C04F79EFBC}") = "Exercicio3", "Exercicio3\Exercicio3.csproj", "{9D69BAC7-CDEA-4E44-AAE9-1EA965F85ACF}"
EndProject
Project("{FAE04EC0-301F-11D3-BF4B-00C04F79EFBC}") = "Exercicio4", "Exercicio4\Exercicio4.csproj", "{170D596C-FD8E-4C90-AFD2-267C6AF5E0F9}"
EndProject
Project("{FAE04EC0-301F-11D3-BF4B-00C04F79EFBC}") = "Exercicio5", "Exercicio5\Exercicio5.csproj", "{DD259126-783D-4388-B501-459E05458CD8}"
EndProject
Project("{FAE04EC0-301F-11D3-BF4B-00C04F79EFBC}") = "Exercicio6", "Exercicio6\Exercicio6.csproj", "{D4CF4AB9-6D9D-43C1-B819-AF0FA866BC59}"
EndProject
Project("{FAE04EC0-301F-11D3-BF4B-00C04F79EFBC}") = "Exercicio7", "Exercicio7\Exercicio7.csproj", "{B2E9240A-2C30-4AE8-9744-78E939C8ED0A}"
EndProject
Project("{FAE04EC0-301F-11D3-BF4B-00C04F79EFBC}") = "Exercicio8", "Exercicio8\Exercicio8.csproj", "{B8F910EB-24AC-43FF-B7C6-F0FA9E5F643B}"
EndProject
Project("{FAE04EC0-301F-11D3-BF4B-00C04F79EFBC}") = "Exercicio9", "Exercicio9\Exercicio9.csproj", "{343A7724-FFFA-4C59-9040-9185EEDD28F1}"
EndProject
Project("{FAE04EC0-301F-11D3-BF4B-00C04F79EFBC}") = "Exercicio10", "Exercicio10\Exercicio10.csproj", "{91B61393-0CD8-499A-8476-858B54C0C6A2}"
EndProject
Project("{FAE04EC0-301F-11D3-BF4B-00C04F79EFBC}") = "Exercicio11", "Exercicio11\Exercicio11.csproj", "{5A45BD15-F2BD-4EEE-85E6-C1D005FCA83B}"
EndProject
Global
	GlobalSection(SolutionConfigurationPlatforms) = preSolution
		Debug|Any CPU = Debug|Any CPU
		Release|Any CPU = Release|Any CPU
	EndGlobalSection
	GlobalSection(ProjectConfigurationPlatforms) = postSolution
		{DC1F0E9A-6A1D-450A-930D-F53D5F994160}.Debug|Any CPU.ActiveCfg = Debug|Any CPU
		{DC1F0E9A-6A1D-450A-930D-F53D5F994160}.Debug|Any CPU.Build.0 = Debug|Any CPU
		{DC1F0E9A-6A1D-450A-930D-F53D5F994160}.Release|Any CPU.ActiveCfg = Release|Any CPU
		{DC1F0E9A-6A1D-450A-930D-F53D5F994160}.Release|Any CPU.Build.0 = Release|Any CPU
		{A8AD0DC2-7686-443C-B30E-F849DEA8F0A3}.Debug|Any CPU.ActiveCfg = Debug|Any CPU
		{A8AD0DC2-7686-443C-B30E-F849DEA8F0A3}.Debug|Any CPU.Build.0 = Debug|Any CPU
		{A8AD0DC2-7686-443C-B30E-F849DEA8F0A3}.Release|Any CPU.ActiveCfg = Release|Any CPU
		{A8AD0DC2-7686-443C-B30E-F849DEA8F0A3}.Release|Any CPU.Build.0 = Release|Any CPU
		{6ADF4706-C69F-46D0-B5C5-0592D6B938DC}.Debug|Any CPU.ActiveCfg = Debug|Any CPU
		{6ADF4706-C69F-46D0-B5C5-0592D6B938DC}.Debug|Any CPU.Build.0 = Debug|Any CPU
		{6ADF4706-C69F-46D0-B5C5-0592D6B938DC}.Release|Any CPU.ActiveCfg = Release|Any CPU
		{6ADF4706-C69F-46D0-B5C5-0592D6B938DC}.Release|Any CPU.Build.0 = Release|Any CPU
		{278B890B-9098-460D-96C3-3182A1D20F03}.Debug|Any CPU.ActiveCfg = Debug|Any CPU
		{278B890B-9098-460D-96C3-3182A1D20F03}.Debug|Any CPU.Build.0 = Debug|Any CPU
		{278B890B-9098-460D-96C3-3182A1D20F03}.Release|Any CPU.ActiveCfg = Release|Any CPU
		{278B890B-9098-460D-96C3-3182A1D20F03}.Release|Any CPU.Build.0 = Release|Any CPU
		{B1B71C4D-663F-4EB4-AB00-9D57900D9805}.Debug|Any CPU.ActiveCfg = Debug|Any CPU
		{B1B71C4D-663F-4EB4-AB00-9D57900D9805}.Debug|Any CPU.Build.0 = Debug|Any CPU
		{B1B71C4D-663F-4EB4-AB00-9D57900D9805}.Release|Any CPU.ActiveCfg = Release|Any CPU
		{B1B71C4D-663F-4EB4-AB00-9D57900D9805}.Release|Any CPU.Build.0 = Release|Any CPU
		{23092BE3-1F96-4CBF-840B-6BE69AD86078}.Debug|Any CPU.ActiveCfg = Debug|Any CPU
		{23092BE3-1F96-4CBF-840B-6BE69AD86078}.Debug|Any CPU.Build.0 = Debug|Any CPU
		{23092BE3-1F96-4CBF-840B-6BE69AD86078}.Release|Any CPU.ActiveCfg = Release|Any CPU
		{23092BE3-1F96-4CBF-840B-6BE69AD86078}.Release|Any CPU.Build.0 = Release|Any CPU
		{074E4EAA-42A1-4B22-B205-406DCBD631E1}.Debug|Any CPU.ActiveCfg = Debug|Any CPU
		{074E4EAA-42A1-4B22-B205-406DCBD631E1}.Debug|Any CPU.Build.0 = Debug|Any CPU
		{074E4EAA-42A1-4B22-B205-406DCBD631E1}.Release|Any CPU.ActiveCfg = Release|Any CPU
		{074E4EAA-42A1-4B22-B205-406DCBD631E1}.Release|Any CPU.Build.0 = Release|Any CPU
		{FBC4EDC2-BBE7-4C6F-98A3-F9A2866FCF90}.Debug|Any CPU.ActiveCfg = Debug|Any CPU
		{FBC4EDC2-BBE7-4C6F-98A3-F9A2866FCF90}.Debug|Any CPU.Build.0 = Debug|Any CPU
		{FBC4EDC2-BBE7-4C6F-98A3-F9A2866FCF90}.Release|Any CPU.ActiveCfg = Release|Any CPU
		{FBC4EDC2-BBE7-4C6F-98A3-F9A2866FCF90}.Release|Any CPU.Build.0 = Release|Any CPU
		{9579B506-AE76-4819-A076-E38D4E5C127E}.Debug|Any CPU.ActiveCfg = Debug|Any CPU
		{9579B506-AE76-4819-A076-E38D4E5C127E}.Debug|Any CPU.Build.0 = Debug|Any CPU
		{9579B506-AE76-4819-A076-E38D4E5C127E}.Release|Any CPU.ActiveCfg = Release|Any CPU
		{9579B506-AE76-4819-A076-E38D4E5C127E}.Release|Any CPU.Build.0 = Release|Any CPU
		{DCAC9B17-F4B9-458A-8F92-9795D2A7E175}.Debug|Any CPU.ActiveCfg = Debug|Any CPU
		{DCAC9B17-F4B9-458A-8F92-9795D2A7E175}.Debug|Any CPU.Build.0 = Debug|Any CPU
		{DCAC9B17-F4B9-458A-8F92-9795D2A7E175}.Release|Any CPU.ActiveCfg = Release|Any CPU
		{DCAC9B17-F4B9-458A-8F92-9795D2A7E175}.Release|Any CPU.Build.0 = Release|Any CPU
		{DDF67889-2EE4-4C03-A7CD-D0DDBDD38459}.Debug|Any CPU.ActiveCfg = Debug|Any CPU
		{DDF67889-2EE4-4C03-A7CD-D0DDBDD38459}.Debug|Any CPU.Build.0 = Debug|Any CPU
		{DDF67889-2EE4-4C03-A7CD-D0DDBDD38459}.Release|Any CPU.ActiveCfg = Release|Any CPU
		{DDF67889-2EE4-4C03-A7CD-D0DDBDD38459}.Release|Any CPU.Build.0 = Release|Any CPU
		{9D69BAC7-CDEA-4E44-AAE9-1EA965F85ACF}.Debug|Any CPU.ActiveCfg = Debug|Any CPU
		{9D69BAC7-CDEA-4E44-AAE9-1EA965F85ACF}.Debug|Any CPU.Build.0 = Debug|Any CPU
		{9D69BAC7-CDEA-4E44-AAE9-1EA965F85ACF}.Release|Any CPU.ActiveCfg = Release|Any CPU
		{9D69BAC7-CDEA-4E44-AAE9-1EA965F85ACF}.Release|Any CPU.Build.0 = Release|Any CPU
		{170D596C-FD8E-4C90-AFD2-267C6AF5E0F9}.Debug|Any CPU.ActiveCfg = Debug|Any CPU
		{170D596C-FD8E-4C90-AFD2-267C6AF5E0F9}.Debug|Any CPU.Build.0 = Debug|Any CPU
		{170D596C-FD8E-4C90-AFD2-267C6AF5E0F9}.Release|Any CPU.ActiveCfg = Release|Any CPU
		{170D596C-FD8E-4C90-AFD2-267C6AF5E0F9}.Release|Any CPU.Build.0 = Release|Any CPU
		{DD259126-783D-4388-B501-459E05458CD8}.Debug|Any CPU.ActiveCfg = Debug|Any CPU
		{DD259126-783D-4388-B501-459E05458CD8}.Debug|Any CPU.Build.0 = Debug|Any CPU
		{DD259126-783D-4388-B501-459E05458CD8}.Release|Any CPU.ActiveCfg = Release|Any CPU
		{DD259126-783D-4388-B501-459E05458CD8}.Release|Any CPU.Build.0 = Release|Any CPU
		{D4CF4AB9-6D9D-43C1-B819-AF0FA866BC59}.Debug|Any CPU.ActiveCfg = Debug|Any CPU
		{D4CF4AB9-6D9D-43C1-B819-AF0FA866BC59}.Debug|Any CPU.Build.0 = Debug|Any CPU
		{D4CF4AB9-6D9D-43C1-B819-AF0FA866BC59}.Release|Any CPU.ActiveCfg = Release|Any CPU
		{D4CF4AB9-6D9D-43C1-B819-AF0FA866BC59}.Release|Any CPU.Build.0 = Release|Any CPU
		{B2E9240A-2C30-4AE8-9744-78E939C8ED0A}.Debug|Any CPU.ActiveCfg = Debug|Any CPU
		{B2E9240A-2C30-4AE8-9744-78E939C8ED0A}.Debug|Any CPU.Build.0 = Debug|Any CPU
		{B2E9240A-2C30-4AE8-9744-78E939C8ED0A}.Release|Any CPU.ActiveCfg = Release|Any CPU
		{B2E9240A-2C30-4AE8-9744-78E939C8ED0A}.Release|Any CPU.Build.0 = Release|Any CPU
		{B8F910EB-24AC-43FF-B7C6-F0FA9E5F643B}.Debug|Any CPU.ActiveCfg = Debug|Any CPU
		{B8F910EB-24AC-43FF-B7C6-F0FA9E5F643B}.Debug|Any CPU.Build.0 = Debug|Any CPU
		{B8F910EB-24AC-43FF-B7C6-F0FA9E5F643B}.Release|Any CPU.ActiveCfg = Release|Any CPU
		{B8F910EB-24AC-43FF-B7C6-F0FA9E5F643B}.Release|Any CPU.Build.0 = Release|Any CPU
		{343A7724-FFFA-4C59-9040-9185EEDD28F1}.Debug|Any CPU.ActiveCfg = Debug|Any CPU
		{343A7724-FFFA-4C59-9040-9185EEDD28F1}.Debug|Any CPU.Build.0 = Debug|Any CPU
		{343A7724-FFFA-4C59-9040-9185EEDD28F1}.Release|Any CPU.ActiveCfg = Release|Any CPU
		{343A7724-FFFA-4C59-9040-9185EEDD28F1}.Release|Any CPU.Build.0 = Release|Any CPU
		{91B61393-0CD8-499A-8476-858B54C0C6A2}.Debug|Any CPU.ActiveCfg = Debug|Any CPU
		{91B61393-0CD8-499A-8476-858B54C0C6A2}.Debug|Any CPU.Build.0 = Debug|Any CPU
		{91B61393-0CD8-499A-8476-858B54C0C6A2}.Release|Any CPU.ActiveCfg = Release|Any CPU
		{91B61393-0CD8-499A-8476-858B54C0C6A2}.Release|Any CPU.Build.0 = Release|Any CPU
		{5A45BD15-F2BD-4EEE-85E6-C1D005FCA83B}.Debug|Any CPU.ActiveCfg = Debug|Any CPU
		{5A45BD15-F2BD-4EEE-85E6-C1D005FCA83B}.Debug|Any CPU.Build.0 = Debug|Any CPU
		{5A45BD15-F2BD-4EEE-85E6-C1D005FCA83B}.Release|Any CPU.ActiveCfg = Release|Any CPU
		{5A45BD15-F2BD-4EEE-85E6-C1D005FCA83B}.Release|Any CPU.Build.0 = Release|Any CPU
	EndGlobalSection
	GlobalSection(SolutionProperties) = preSolution
		HideSolutionNode = FALSE
	EndGlobalSection
EndGlobal
