
Microsoft Visual Studio Solution File, Format Version 12.00
# Visual Studio Version 17
VisualStudioVersion = 17.13.35825.156
MinimumVisualStudioVersion = 10.0.40219.1
Project("{FAE04EC0-301F-11D3-BF4B-00C04F79EFBC}") = "SerializacaoXML", "serializacao-e-descerializacao\SerializacaoXML.csproj", "{4A200C1D-9A3A-4D53-8E5C-A4E6AF0E8DC0}"
EndProject
Project("{FAE04EC0-301F-11D3-BF4B-00C04F79EFBC}") = "DesserializacaoXml", "DesserializacaoXml\DesserializacaoXml.csproj", "{4EFA2337-17CD-4862-A89A-B43D95278BB8}"
EndProject
Global
	GlobalSection(SolutionConfigurationPlatforms) = preSolution
		Debug|Any CPU = Debug|Any CPU
		Release|Any CPU = Release|Any CPU
	EndGlobalSection
	GlobalSection(ProjectConfigurationPlatforms) = postSolution
		{4A200C1D-9A3A-4D53-8E5C-A4E6AF0E8DC0}.Debug|Any CPU.ActiveCfg = Debug|Any CPU
		{4A200C1D-9A3A-4D53-8E5C-A4E6AF0E8DC0}.Debug|Any CPU.Build.0 = Debug|Any CPU
		{4A200C1D-9A3A-4D53-8E5C-A4E6AF0E8DC0}.Release|Any CPU.ActiveCfg = Release|Any CPU
		{4A200C1D-9A3A-4D53-8E5C-A4E6AF0E8DC0}.Release|Any CPU.Build.0 = Release|Any CPU
		{4EFA2337-17CD-4862-A89A-B43D95278BB8}.Debug|Any CPU.ActiveCfg = Debug|Any CPU
		{4EFA2337-17CD-4862-A89A-B43D95278BB8}.Debug|Any CPU.Build.0 = Debug|Any CPU
		{4EFA2337-17CD-4862-A89A-B43D95278BB8}.Release|Any CPU.ActiveCfg = Release|Any CPU
		{4EFA2337-17CD-4862-A89A-B43D95278BB8}.Release|Any CPU.Build.0 = Release|Any CPU
	EndGlobalSection
	GlobalSection(SolutionProperties) = preSolution
		HideSolutionNode = FALSE
	EndGlobalSection
	GlobalSection(ExtensibilityGlobals) = postSolution
		SolutionGuid = {C5C341EE-21ED-4E68-BC6C-AFAFDAEA59FE}
	EndGlobalSection
EndGlobal
