
Microsoft Visual Studio Solution File, Format Version 12.00
# Visual Studio Version 17
VisualStudioVersion = 17.13.35825.156 d17.13
MinimumVisualStudioVersion = 10.0.40219.1
Project("{FAE04EC0-301F-11D3-BF4B-00C04F79EFBC}") = "TaskProgramAssincrona", "TaskProgramAssincrona\TaskProgramAssincrona.csproj", "{4F25BCE9-E2D4-4E34-8B7A-6C5A3B5366B5}"
EndProject
Project("{FAE04EC0-301F-11D3-BF4B-00C04F79EFBC}") = "ValueTask", "ValueTask\ValueTask.csproj", "{A4EC2305-9B51-4DCC-B1AF-C4C5BC09A22E}"
EndProject
Global
	GlobalSection(SolutionConfigurationPlatforms) = preSolution
		Debug|Any CPU = Debug|Any CPU
		Release|Any CPU = Release|Any CPU
	EndGlobalSection
	GlobalSection(ProjectConfigurationPlatforms) = postSolution
		{4F25BCE9-E2D4-4E34-8B7A-6C5A3B5366B5}.Debug|Any CPU.ActiveCfg = Debug|Any CPU
		{4F25BCE9-E2D4-4E34-8B7A-6C5A3B5366B5}.Debug|Any CPU.Build.0 = Debug|Any CPU
		{4F25BCE9-E2D4-4E34-8B7A-6C5A3B5366B5}.Release|Any CPU.ActiveCfg = Release|Any CPU
		{4F25BCE9-E2D4-4E34-8B7A-6C5A3B5366B5}.Release|Any CPU.Build.0 = Release|Any CPU
		{A4EC2305-9B51-4DCC-B1AF-C4C5BC09A22E}.Debug|Any CPU.ActiveCfg = Debug|Any CPU
		{A4EC2305-9B51-4DCC-B1AF-C4C5BC09A22E}.Debug|Any CPU.Build.0 = Debug|Any CPU
		{A4EC2305-9B51-4DCC-B1AF-C4C5BC09A22E}.Release|Any CPU.ActiveCfg = Release|Any CPU
		{A4EC2305-9B51-4DCC-B1AF-C4C5BC09A22E}.Release|Any CPU.Build.0 = Release|Any CPU
	EndGlobalSection
	GlobalSection(SolutionProperties) = preSolution
		HideSolutionNode = FALSE
	EndGlobalSection
	GlobalSection(ExtensibilityGlobals) = postSolution
		SolutionGuid = {3181F23A-041F-4493-95E8-85BB09EB638B}
	EndGlobalSection
EndGlobal
