
Microsoft Visual Studio Solution File, Format Version 12.00
# Visual Studio Version 17
VisualStudioVersion = 17.12.35527.113
MinimumVisualStudioVersion = 10.0.40219.1
Project("{FAE04EC0-301F-11D3-BF4B-00C04F79EFBC}") = "HeracaConceitoSintaxe", "POO\HeracaConceitoSintaxe.csproj", "{652197A1-CC9F-4BA1-AF01-1D42EFA5C394}"
EndProject
Project("{FAE04EC0-301F-11D3-BF4B-00C04F79EFBC}") = "Heranca", "Heranca\Heranca.csproj", "{9E686347-4FC9-419A-B9A1-A06DBF2E7A9B}"
EndProject
Project("{FAE04EC0-301F-11D3-BF4B-00C04F79EFBC}") = "HeracaConstrutores", "HeracaConstrutores\HeracaConstrutores.csproj", "{48819E8B-E208-4CB2-9F32-CAA06A2B769B}"
EndProject
Project("{FAE04EC0-301F-11D3-BF4B-00C04F79EFBC}") = "HeracaObject", "HeracaObject\HeracaObject.csproj", "{C7416521-6902-4951-9BB6-5AA6BAEF2FAC}"
EndProject
Project("{FAE04EC0-301F-11D3-BF4B-00C04F79EFBC}") = "HeracaModificadoresNew", "HeracaModificadoresNew\HeracaModificadoresNew.csproj", "{C5EB0C9E-5970-4739-873E-D2A607F3D87B}"
EndProject
Project("{FAE04EC0-301F-11D3-BF4B-00C04F79EFBC}") = "HeracaVirtualOverride", "HeracaVirtualOverride\HeracaVirtualOverride.csproj", "{E9FD2B9A-701A-446E-9A29-66C45960B307}"
EndProject
Project("{FAE04EC0-301F-11D3-BF4B-00C04F79EFBC}") = "HerancaSealed", "HerancaSealed\HerancaSealed.csproj", "{C386A23A-F714-4641-9B59-A075548FEB1F}"
EndProject
Project("{FAE04EC0-301F-11D3-BF4B-00C04F79EFBC}") = "HerançaExercicio", "HerançaExercicio\HerançaExercicio.csproj", "{9A2DC25B-3039-46A5-8205-A6704F215835}"
EndProject
Project("{FAE04EC0-301F-11D3-BF4B-00C04F79EFBC}") = "HerancaExercicioV2", "HerancaExercicioV2\HerancaExercicioV2.csproj", "{92F16E27-5FC7-450B-A25E-F30D32DA376D}"
EndProject
Project("{FAE04EC0-301F-11D3-BF4B-00C04F79EFBC}") = "HerancaTipos", "HerancaTipos\HerancaTipos.csproj", "{CDBB9F35-FE78-44E5-859E-6AF263D709FD}"
EndProject
Project("{FAE04EC0-301F-11D3-BF4B-00C04F79EFBC}") = "HerancaUpcastingDowncasting", "HerancaUpcastingDowncasting\HerancaUpcastingDowncasting.csproj", "{D5D841C5-CFEE-4189-8CA5-886A3EFA6597}"
EndProject
Project("{FAE04EC0-301F-11D3-BF4B-00C04F79EFBC}") = "HeracaIsAs", "HeracaIsAs\HeracaIsAs.csproj", "{E1D0B152-EA28-46A8-A9FA-6A6C08D9AFC9}"
EndProject
Project("{FAE04EC0-301F-11D3-BF4B-00C04F79EFBC}") = "HerancaAbstract", "HerancaAbstract\HerancaAbstract.csproj", "{BC447C72-B889-4224-9F0C-B92138BC04A7}"
EndProject
Project("{FAE04EC0-301F-11D3-BF4B-00C04F79EFBC}") = "Interfaces", "Interfaces\Interfaces.csproj", "{A53F2B5F-070C-4EB0-B894-1267F8B65DFF}"
EndProject
Project("{FAE04EC0-301F-11D3-BF4B-00C04F79EFBC}") = "InterfaceExercicio", "InterfaceExercicio\InterfaceExercicio.csproj", "{4441C507-D6F1-40C6-A2AB-CD68AFE35830}"
EndProject
Global
	GlobalSection(SolutionConfigurationPlatforms) = preSolution
		Debug|Any CPU = Debug|Any CPU
		Release|Any CPU = Release|Any CPU
	EndGlobalSection
	GlobalSection(ProjectConfigurationPlatforms) = postSolution
		{652197A1-CC9F-4BA1-AF01-1D42EFA5C394}.Debug|Any CPU.ActiveCfg = Debug|Any CPU
		{652197A1-CC9F-4BA1-AF01-1D42EFA5C394}.Debug|Any CPU.Build.0 = Debug|Any CPU
		{652197A1-CC9F-4BA1-AF01-1D42EFA5C394}.Release|Any CPU.ActiveCfg = Release|Any CPU
		{652197A1-CC9F-4BA1-AF01-1D42EFA5C394}.Release|Any CPU.Build.0 = Release|Any CPU
		{9E686347-4FC9-419A-B9A1-A06DBF2E7A9B}.Debug|Any CPU.ActiveCfg = Debug|Any CPU
		{9E686347-4FC9-419A-B9A1-A06DBF2E7A9B}.Debug|Any CPU.Build.0 = Debug|Any CPU
		{9E686347-4FC9-419A-B9A1-A06DBF2E7A9B}.Release|Any CPU.ActiveCfg = Release|Any CPU
		{9E686347-4FC9-419A-B9A1-A06DBF2E7A9B}.Release|Any CPU.Build.0 = Release|Any CPU
		{48819E8B-E208-4CB2-9F32-CAA06A2B769B}.Debug|Any CPU.ActiveCfg = Debug|Any CPU
		{48819E8B-E208-4CB2-9F32-CAA06A2B769B}.Debug|Any CPU.Build.0 = Debug|Any CPU
		{48819E8B-E208-4CB2-9F32-CAA06A2B769B}.Release|Any CPU.ActiveCfg = Release|Any CPU
		{48819E8B-E208-4CB2-9F32-CAA06A2B769B}.Release|Any CPU.Build.0 = Release|Any CPU
		{C7416521-6902-4951-9BB6-5AA6BAEF2FAC}.Debug|Any CPU.ActiveCfg = Debug|Any CPU
		{C7416521-6902-4951-9BB6-5AA6BAEF2FAC}.Debug|Any CPU.Build.0 = Debug|Any CPU
		{C7416521-6902-4951-9BB6-5AA6BAEF2FAC}.Release|Any CPU.ActiveCfg = Release|Any CPU
		{C7416521-6902-4951-9BB6-5AA6BAEF2FAC}.Release|Any CPU.Build.0 = Release|Any CPU
		{C5EB0C9E-5970-4739-873E-D2A607F3D87B}.Debug|Any CPU.ActiveCfg = Debug|Any CPU
		{C5EB0C9E-5970-4739-873E-D2A607F3D87B}.Debug|Any CPU.Build.0 = Debug|Any CPU
		{C5EB0C9E-5970-4739-873E-D2A607F3D87B}.Release|Any CPU.ActiveCfg = Release|Any CPU
		{C5EB0C9E-5970-4739-873E-D2A607F3D87B}.Release|Any CPU.Build.0 = Release|Any CPU
		{E9FD2B9A-701A-446E-9A29-66C45960B307}.Debug|Any CPU.ActiveCfg = Debug|Any CPU
		{E9FD2B9A-701A-446E-9A29-66C45960B307}.Debug|Any CPU.Build.0 = Debug|Any CPU
		{E9FD2B9A-701A-446E-9A29-66C45960B307}.Release|Any CPU.ActiveCfg = Release|Any CPU
		{E9FD2B9A-701A-446E-9A29-66C45960B307}.Release|Any CPU.Build.0 = Release|Any CPU
		{C386A23A-F714-4641-9B59-A075548FEB1F}.Debug|Any CPU.ActiveCfg = Debug|Any CPU
		{C386A23A-F714-4641-9B59-A075548FEB1F}.Debug|Any CPU.Build.0 = Debug|Any CPU
		{C386A23A-F714-4641-9B59-A075548FEB1F}.Release|Any CPU.ActiveCfg = Release|Any CPU
		{C386A23A-F714-4641-9B59-A075548FEB1F}.Release|Any CPU.Build.0 = Release|Any CPU
		{9A2DC25B-3039-46A5-8205-A6704F215835}.Debug|Any CPU.ActiveCfg = Debug|Any CPU
		{9A2DC25B-3039-46A5-8205-A6704F215835}.Debug|Any CPU.Build.0 = Debug|Any CPU
		{9A2DC25B-3039-46A5-8205-A6704F215835}.Release|Any CPU.ActiveCfg = Release|Any CPU
		{9A2DC25B-3039-46A5-8205-A6704F215835}.Release|Any CPU.Build.0 = Release|Any CPU
		{92F16E27-5FC7-450B-A25E-F30D32DA376D}.Debug|Any CPU.ActiveCfg = Debug|Any CPU
		{92F16E27-5FC7-450B-A25E-F30D32DA376D}.Debug|Any CPU.Build.0 = Debug|Any CPU
		{92F16E27-5FC7-450B-A25E-F30D32DA376D}.Release|Any CPU.ActiveCfg = Release|Any CPU
		{92F16E27-5FC7-450B-A25E-F30D32DA376D}.Release|Any CPU.Build.0 = Release|Any CPU
		{CDBB9F35-FE78-44E5-859E-6AF263D709FD}.Debug|Any CPU.ActiveCfg = Debug|Any CPU
		{CDBB9F35-FE78-44E5-859E-6AF263D709FD}.Debug|Any CPU.Build.0 = Debug|Any CPU
		{CDBB9F35-FE78-44E5-859E-6AF263D709FD}.Release|Any CPU.ActiveCfg = Release|Any CPU
		{CDBB9F35-FE78-44E5-859E-6AF263D709FD}.Release|Any CPU.Build.0 = Release|Any CPU
		{D5D841C5-CFEE-4189-8CA5-886A3EFA6597}.Debug|Any CPU.ActiveCfg = Debug|Any CPU
		{D5D841C5-CFEE-4189-8CA5-886A3EFA6597}.Debug|Any CPU.Build.0 = Debug|Any CPU
		{D5D841C5-CFEE-4189-8CA5-886A3EFA6597}.Release|Any CPU.ActiveCfg = Release|Any CPU
		{D5D841C5-CFEE-4189-8CA5-886A3EFA6597}.Release|Any CPU.Build.0 = Release|Any CPU
		{E1D0B152-EA28-46A8-A9FA-6A6C08D9AFC9}.Debug|Any CPU.ActiveCfg = Debug|Any CPU
		{E1D0B152-EA28-46A8-A9FA-6A6C08D9AFC9}.Debug|Any CPU.Build.0 = Debug|Any CPU
		{E1D0B152-EA28-46A8-A9FA-6A6C08D9AFC9}.Release|Any CPU.ActiveCfg = Release|Any CPU
		{E1D0B152-EA28-46A8-A9FA-6A6C08D9AFC9}.Release|Any CPU.Build.0 = Release|Any CPU
		{BC447C72-B889-4224-9F0C-B92138BC04A7}.Debug|Any CPU.ActiveCfg = Debug|Any CPU
		{BC447C72-B889-4224-9F0C-B92138BC04A7}.Debug|Any CPU.Build.0 = Debug|Any CPU
		{BC447C72-B889-4224-9F0C-B92138BC04A7}.Release|Any CPU.ActiveCfg = Release|Any CPU
		{BC447C72-B889-4224-9F0C-B92138BC04A7}.Release|Any CPU.Build.0 = Release|Any CPU
		{A53F2B5F-070C-4EB0-B894-1267F8B65DFF}.Debug|Any CPU.ActiveCfg = Debug|Any CPU
		{A53F2B5F-070C-4EB0-B894-1267F8B65DFF}.Debug|Any CPU.Build.0 = Debug|Any CPU
		{A53F2B5F-070C-4EB0-B894-1267F8B65DFF}.Release|Any CPU.ActiveCfg = Release|Any CPU
		{A53F2B5F-070C-4EB0-B894-1267F8B65DFF}.Release|Any CPU.Build.0 = Release|Any CPU
		{4441C507-D6F1-40C6-A2AB-CD68AFE35830}.Debug|Any CPU.ActiveCfg = Debug|Any CPU
		{4441C507-D6F1-40C6-A2AB-CD68AFE35830}.Debug|Any CPU.Build.0 = Debug|Any CPU
		{4441C507-D6F1-40C6-A2AB-CD68AFE35830}.Release|Any CPU.ActiveCfg = Release|Any CPU
		{4441C507-D6F1-40C6-A2AB-CD68AFE35830}.Release|Any CPU.Build.0 = Release|Any CPU
	EndGlobalSection
	GlobalSection(SolutionProperties) = preSolution
		HideSolutionNode = FALSE
	EndGlobalSection
	GlobalSection(ExtensibilityGlobals) = postSolution
		SolutionGuid = {06A9A979-2262-418F-A20C-64024D2D7D0B}
	EndGlobalSection
EndGlobal
