
Microsoft Visual Studio Solution File, Format Version 12.00
# Visual Studio Version 17
VisualStudioVersion = 17.13.35825.156
MinimumVisualStudioVersion = 10.0.40219.1
Project("{FAE04EC0-301F-11D3-BF4B-00C04F79EFBC}") = "FundamentosLINQ", "FundamentosLINQ\FundamentosLINQ.csproj", "{6A643934-1693-4084-B63B-C33CFB651E06}"
EndProject
Project("{FAE04EC0-301F-11D3-BF4B-00C04F79EFBC}") = "Projecao", "Projecao\Projecao.csproj", "{5D1A1824-95AB-4DC4-875F-489BBEC30C91}"
EndProject
Global
	GlobalSection(SolutionConfigurationPlatforms) = preSolution
		Debug|Any CPU = Debug|Any CPU
		Release|Any CPU = Release|Any CPU
	EndGlobalSection
	GlobalSection(ProjectConfigurationPlatforms) = postSolution
		{6A643934-1693-4084-B63B-C33CFB651E06}.Debug|Any CPU.ActiveCfg = Debug|Any CPU
		{6A643934-1693-4084-B63B-C33CFB651E06}.Debug|Any CPU.Build.0 = Debug|Any CPU
		{6A643934-1693-4084-B63B-C33CFB651E06}.Release|Any CPU.ActiveCfg = Release|Any CPU
		{6A643934-1693-4084-B63B-C33CFB651E06}.Release|Any CPU.Build.0 = Release|Any CPU
		{5D1A1824-95AB-4DC4-875F-489BBEC30C91}.Debug|Any CPU.ActiveCfg = Debug|Any CPU
		{5D1A1824-95AB-4DC4-875F-489BBEC30C91}.Debug|Any CPU.Build.0 = Debug|Any CPU
		{5D1A1824-95AB-4DC4-875F-489BBEC30C91}.Release|Any CPU.ActiveCfg = Release|Any CPU
		{5D1A1824-95AB-4DC4-875F-489BBEC30C91}.Release|Any CPU.Build.0 = Release|Any CPU
	EndGlobalSection
	GlobalSection(SolutionProperties) = preSolution
		HideSolutionNode = FALSE
	EndGlobalSection
	GlobalSection(ExtensibilityGlobals) = postSolution
		SolutionGuid = {CACA46EC-CD4C-4B3F-AB5F-DC037B2B8ABE}
	EndGlobalSection
EndGlobal
