
Microsoft Visual Studio Solution File, Format Version 12.00
# Visual Studio Version 17
VisualStudioVersion = 17.13.35825.156
MinimumVisualStudioVersion = 10.0.40219.1
Project("{FAE04EC0-301F-11D3-BF4B-00C04F79EFBC}") = "FundamentosLINQ", "FundamentosLINQ\FundamentosLINQ.csproj", "{6A643934-1693-4084-B63B-C33CFB651E06}"
EndProject
Project("{FAE04EC0-301F-11D3-BF4B-00C04F79EFBC}") = "Projecao", "Projecao\Projecao.csproj", "{5D1A1824-95AB-4DC4-875F-489BBEC30C91}"
EndProject
Project("{FAE04EC0-301F-11D3-BF4B-00C04F79EFBC}") = "Conjuntos1", "Conjuntos1\Conjuntos1.csproj", "{02B90F4C-3BD3-4AA4-86B0-5A71A9B8549B}"
EndProject
Project("{FAE04EC0-301F-11D3-BF4B-00C04F79EFBC}") = "Conjuntos2", "Conjuntos2\Conjuntos2.csproj", "{2CAE58F1-FF52-4AFC-AC1B-B5D0F74CC966}"
EndProject
Project("{FAE04EC0-301F-11D3-BF4B-00C04F79EFBC}") = "Ordering", "Ordering\Ordering.csproj", "{E90F3A70-7763-4165-AE40-F96EDC442E5F}"
EndProject
Project("{FAE04EC0-301F-11D3-BF4B-00C04F79EFBC}") = "Agregacao1", "Agregacao1\Agregacao1.csproj", "{C0D19E34-328A-4079-BF5F-79FB4544DE52}"
EndProject
Project("{FAE04EC0-301F-11D3-BF4B-00C04F79EFBC}") = "Agregacao2", "Agregacao2\Agregacao2.csproj", "{7AD28388-3639-44BB-AF53-D40C7E8CB010}"
EndProject
Global
	GlobalSection(SolutionConfigurationPlatforms) = preSolution
		Debug|Any CPU = Debug|Any CPU
		Release|Any CPU = Release|Any CPU
	EndGlobalSection
	GlobalSection(ProjectConfigurationPlatforms) = postSolution
		{6A643934-1693-4084-B63B-C33CFB651E06}.Debug|Any CPU.ActiveCfg = Debug|Any CPU
		{6A643934-1693-4084-B63B-C33CFB651E06}.Debug|Any CPU.Build.0 = Debug|Any CPU
		{6A643934-1693-4084-B63B-C33CFB651E06}.Release|Any CPU.ActiveCfg = Release|Any CPU
		{6A643934-1693-4084-B63B-C33CFB651E06}.Release|Any CPU.Build.0 = Release|Any CPU
		{5D1A1824-95AB-4DC4-875F-489BBEC30C91}.Debug|Any CPU.ActiveCfg = Debug|Any CPU
		{5D1A1824-95AB-4DC4-875F-489BBEC30C91}.Debug|Any CPU.Build.0 = Debug|Any CPU
		{5D1A1824-95AB-4DC4-875F-489BBEC30C91}.Release|Any CPU.ActiveCfg = Release|Any CPU
		{5D1A1824-95AB-4DC4-875F-489BBEC30C91}.Release|Any CPU.Build.0 = Release|Any CPU
		{02B90F4C-3BD3-4AA4-86B0-5A71A9B8549B}.Debug|Any CPU.ActiveCfg = Debug|Any CPU
		{02B90F4C-3BD3-4AA4-86B0-5A71A9B8549B}.Debug|Any CPU.Build.0 = Debug|Any CPU
		{02B90F4C-3BD3-4AA4-86B0-5A71A9B8549B}.Release|Any CPU.ActiveCfg = Release|Any CPU
		{02B90F4C-3BD3-4AA4-86B0-5A71A9B8549B}.Release|Any CPU.Build.0 = Release|Any CPU
		{2CAE58F1-FF52-4AFC-AC1B-B5D0F74CC966}.Debug|Any CPU.ActiveCfg = Debug|Any CPU
		{2CAE58F1-FF52-4AFC-AC1B-B5D0F74CC966}.Debug|Any CPU.Build.0 = Debug|Any CPU
		{2CAE58F1-FF52-4AFC-AC1B-B5D0F74CC966}.Release|Any CPU.ActiveCfg = Release|Any CPU
		{2CAE58F1-FF52-4AFC-AC1B-B5D0F74CC966}.Release|Any CPU.Build.0 = Release|Any CPU
		{E90F3A70-7763-4165-AE40-F96EDC442E5F}.Debug|Any CPU.ActiveCfg = Debug|Any CPU
		{E90F3A70-7763-4165-AE40-F96EDC442E5F}.Debug|Any CPU.Build.0 = Debug|Any CPU
		{E90F3A70-7763-4165-AE40-F96EDC442E5F}.Release|Any CPU.ActiveCfg = Release|Any CPU
		{E90F3A70-7763-4165-AE40-F96EDC442E5F}.Release|Any CPU.Build.0 = Release|Any CPU
		{C0D19E34-328A-4079-BF5F-79FB4544DE52}.Debug|Any CPU.ActiveCfg = Debug|Any CPU
		{C0D19E34-328A-4079-BF5F-79FB4544DE52}.Debug|Any CPU.Build.0 = Debug|Any CPU
		{C0D19E34-328A-4079-BF5F-79FB4544DE52}.Release|Any CPU.ActiveCfg = Release|Any CPU
		{C0D19E34-328A-4079-BF5F-79FB4544DE52}.Release|Any CPU.Build.0 = Release|Any CPU
		{7AD28388-3639-44BB-AF53-D40C7E8CB010}.Debug|Any CPU.ActiveCfg = Debug|Any CPU
		{7AD28388-3639-44BB-AF53-D40C7E8CB010}.Debug|Any CPU.Build.0 = Debug|Any CPU
		{7AD28388-3639-44BB-AF53-D40C7E8CB010}.Release|Any CPU.ActiveCfg = Release|Any CPU
		{7AD28388-3639-44BB-AF53-D40C7E8CB010}.Release|Any CPU.Build.0 = Release|Any CPU
	EndGlobalSection
	GlobalSection(SolutionProperties) = preSolution
		HideSolutionNode = FALSE
	EndGlobalSection
	GlobalSection(ExtensibilityGlobals) = postSolution
		SolutionGuid = {CACA46EC-CD4C-4B3F-AB5F-DC037B2B8ABE}
	EndGlobalSection
EndGlobal
