
Microsoft Visual Studio Solution File, Format Version 12.00
# Visual Studio Version 17
VisualStudioVersion = 17.12.35527.113
MinimumVisualStudioVersion = 10.0.40219.1
Project("{FAE04EC0-301F-11D3-BF4B-00C04F79EFBC}") = "Arrays", "Arrayz\Arrays.csproj", "{B3C44BD5-383C-4342-B30B-77549BAEAFE7}"
EndProject
Project("{FAE04EC0-301F-11D3-BF4B-00C04F79EFBC}") = "10ClasseArray_Metodos", "10ClasseArray_Metodos\10ClasseArray_Metodos.csproj", "{6BE75815-F75C-451E-86D9-3A9EECF5355C}"
EndProject
Project("{FAE04EC0-301F-11D3-BF4B-00C04F79EFBC}") = "ArrayExercicio", "ArrayExercicio\ArrayExercicio.csproj", "{60CD124D-EFD2-4114-A92B-0994C6290AB1}"
EndProject
Project("{FAE04EC0-301F-11D3-BF4B-00C04F79EFBC}") = "9ModificadoresParams", "9ModificadoresParams\9ModificadoresParams.csproj", "{56456AE3-B3B2-4F4B-85D2-FFE488364240}"
EndProject
Project("{FAE04EC0-301F-11D3-BF4B-00C04F79EFBC}") = "4ArrayBidimensionalExercicio", "4ArrayBidimensionalExercicio\4ArrayBidimensionalExercicio.csproj", "{3D77D17B-ED1E-4A0E-85BB-7FCAA14E9BD7}"
EndProject
Project("{FAE04EC0-301F-11D3-BF4B-00C04F79EFBC}") = "6ArrayList", "6ArrayList\6ArrayList.csproj", "{3507B5DC-6EB9-4A50-8F94-9068328D8655}"
EndProject
Project("{FAE04EC0-301F-11D3-BF4B-00C04F79EFBC}") = "7List", "7List\7List.csproj", "{0A34742E-178B-42A6-A648-81106AB924AD}"
EndProject
Project("{FAE04EC0-301F-11D3-BF4B-00C04F79EFBC}") = "7.1List", "7.1List\7.1List.csproj", "{C081EE50-0A6A-4D99-AF49-D41B498D786E}"
EndProject
Project("{FAE04EC0-301F-11D3-BF4B-00C04F79EFBC}") = "7.2List", "1.2List\7.2List.csproj", "{3D76FB4A-1D16-42A0-A421-152441C4C82E}"
EndProject
Project("{FAE04EC0-301F-11D3-BF4B-00C04F79EFBC}") = "ExercicioList", "ExercicioList\ExercicioList.csproj", "{0F46D600-46AD-4696-AEA0-9F0EDC97EA46}"
EndProject
Project("{FAE04EC0-301F-11D3-BF4B-00C04F79EFBC}") = "10Indexadores", "10Indexadores\10Indexadores.csproj", "{4A849844-291E-4C02-AE7B-2E76DBDC7386}"
EndProject
Project("{FAE04EC0-301F-11D3-BF4B-00C04F79EFBC}") = "12Random", "12Random\12Random.csproj", "{6C129520-2FD4-4C38-845D-07E80788F018}"
EndProject
Project("{FAE04EC0-301F-11D3-BF4B-00C04F79EFBC}") = "ExercicioColecoes4", "ExercicioColecoes\ExercicioColecoes4.csproj", "{2197CAC7-22CE-4D24-838D-851E7667F134}"
EndProject
Project("{FAE04EC0-301F-11D3-BF4B-00C04F79EFBC}") = "ColecoesExercicio1", "ColecoesExercicio1\ColecoesExercicio1.csproj", "{47C54C20-6544-4F4C-8471-353AD6AEC1BD}"
EndProject
Project("{FAE04EC0-301F-11D3-BF4B-00C04F79EFBC}") = "ColecoesExercicio2", "ColecoesExercicio2\ColecoesExercicio2.csproj", "{CDAA1E8C-798D-46F6-9FE2-0CBAF54FCB9B}"
EndProject
Project("{FAE04EC0-301F-11D3-BF4B-00C04F79EFBC}") = "ColecoesExercicio3", "ColecoesExercicio3\ColecoesExercicio3.csproj", "{B990DEF2-DFBC-4ED8-A3F3-830090E61E57}"
EndProject
Project("{FAE04EC0-301F-11D3-BF4B-00C04F79EFBC}") = "ExercicioColecoes5", "ExercicioColecoes5\ExercicioColecoes5.csproj", "{D9689C0C-2A70-49C8-A791-5C92AE240DAD}"
EndProject
Project("{FAE04EC0-301F-11D3-BF4B-00C04F79EFBC}") = "ExercicioColecoes6", "ExercicioColecoes6\ExercicioColecoes6.csproj", "{0A9816C4-F0FF-45E3-B9BD-8F2ECC8AFF7E}"
EndProject
Global
	GlobalSection(SolutionConfigurationPlatforms) = preSolution
		Debug|Any CPU = Debug|Any CPU
		Release|Any CPU = Release|Any CPU
	EndGlobalSection
	GlobalSection(ProjectConfigurationPlatforms) = postSolution
		{B3C44BD5-383C-4342-B30B-77549BAEAFE7}.Debug|Any CPU.ActiveCfg = Debug|Any CPU
		{B3C44BD5-383C-4342-B30B-77549BAEAFE7}.Debug|Any CPU.Build.0 = Debug|Any CPU
		{B3C44BD5-383C-4342-B30B-77549BAEAFE7}.Release|Any CPU.ActiveCfg = Release|Any CPU
		{B3C44BD5-383C-4342-B30B-77549BAEAFE7}.Release|Any CPU.Build.0 = Release|Any CPU
		{6BE75815-F75C-451E-86D9-3A9EECF5355C}.Debug|Any CPU.ActiveCfg = Debug|Any CPU
		{6BE75815-F75C-451E-86D9-3A9EECF5355C}.Debug|Any CPU.Build.0 = Debug|Any CPU
		{6BE75815-F75C-451E-86D9-3A9EECF5355C}.Release|Any CPU.ActiveCfg = Release|Any CPU
		{6BE75815-F75C-451E-86D9-3A9EECF5355C}.Release|Any CPU.Build.0 = Release|Any CPU
		{60CD124D-EFD2-4114-A92B-0994C6290AB1}.Debug|Any CPU.ActiveCfg = Debug|Any CPU
		{60CD124D-EFD2-4114-A92B-0994C6290AB1}.Debug|Any CPU.Build.0 = Debug|Any CPU
		{60CD124D-EFD2-4114-A92B-0994C6290AB1}.Release|Any CPU.ActiveCfg = Release|Any CPU
		{60CD124D-EFD2-4114-A92B-0994C6290AB1}.Release|Any CPU.Build.0 = Release|Any CPU
		{56456AE3-B3B2-4F4B-85D2-FFE488364240}.Debug|Any CPU.ActiveCfg = Debug|Any CPU
		{56456AE3-B3B2-4F4B-85D2-FFE488364240}.Debug|Any CPU.Build.0 = Debug|Any CPU
		{56456AE3-B3B2-4F4B-85D2-FFE488364240}.Release|Any CPU.ActiveCfg = Release|Any CPU
		{56456AE3-B3B2-4F4B-85D2-FFE488364240}.Release|Any CPU.Build.0 = Release|Any CPU
		{3D77D17B-ED1E-4A0E-85BB-7FCAA14E9BD7}.Debug|Any CPU.ActiveCfg = Debug|Any CPU
		{3D77D17B-ED1E-4A0E-85BB-7FCAA14E9BD7}.Debug|Any CPU.Build.0 = Debug|Any CPU
		{3D77D17B-ED1E-4A0E-85BB-7FCAA14E9BD7}.Release|Any CPU.ActiveCfg = Release|Any CPU
		{3D77D17B-ED1E-4A0E-85BB-7FCAA14E9BD7}.Release|Any CPU.Build.0 = Release|Any CPU
		{3507B5DC-6EB9-4A50-8F94-9068328D8655}.Debug|Any CPU.ActiveCfg = Debug|Any CPU
		{3507B5DC-6EB9-4A50-8F94-9068328D8655}.Debug|Any CPU.Build.0 = Debug|Any CPU
		{3507B5DC-6EB9-4A50-8F94-9068328D8655}.Release|Any CPU.ActiveCfg = Release|Any CPU
		{3507B5DC-6EB9-4A50-8F94-9068328D8655}.Release|Any CPU.Build.0 = Release|Any CPU
		{0A34742E-178B-42A6-A648-81106AB924AD}.Debug|Any CPU.ActiveCfg = Debug|Any CPU
		{0A34742E-178B-42A6-A648-81106AB924AD}.Debug|Any CPU.Build.0 = Debug|Any CPU
		{0A34742E-178B-42A6-A648-81106AB924AD}.Release|Any CPU.ActiveCfg = Release|Any CPU
		{0A34742E-178B-42A6-A648-81106AB924AD}.Release|Any CPU.Build.0 = Release|Any CPU
		{C081EE50-0A6A-4D99-AF49-D41B498D786E}.Debug|Any CPU.ActiveCfg = Debug|Any CPU
		{C081EE50-0A6A-4D99-AF49-D41B498D786E}.Debug|Any CPU.Build.0 = Debug|Any CPU
		{C081EE50-0A6A-4D99-AF49-D41B498D786E}.Release|Any CPU.ActiveCfg = Release|Any CPU
		{C081EE50-0A6A-4D99-AF49-D41B498D786E}.Release|Any CPU.Build.0 = Release|Any CPU
		{3D76FB4A-1D16-42A0-A421-152441C4C82E}.Debug|Any CPU.ActiveCfg = Debug|Any CPU
		{3D76FB4A-1D16-42A0-A421-152441C4C82E}.Debug|Any CPU.Build.0 = Debug|Any CPU
		{3D76FB4A-1D16-42A0-A421-152441C4C82E}.Release|Any CPU.ActiveCfg = Release|Any CPU
		{3D76FB4A-1D16-42A0-A421-152441C4C82E}.Release|Any CPU.Build.0 = Release|Any CPU
		{0F46D600-46AD-4696-AEA0-9F0EDC97EA46}.Debug|Any CPU.ActiveCfg = Debug|Any CPU
		{0F46D600-46AD-4696-AEA0-9F0EDC97EA46}.Debug|Any CPU.Build.0 = Debug|Any CPU
		{0F46D600-46AD-4696-AEA0-9F0EDC97EA46}.Release|Any CPU.ActiveCfg = Release|Any CPU
		{0F46D600-46AD-4696-AEA0-9F0EDC97EA46}.Release|Any CPU.Build.0 = Release|Any CPU
		{4A849844-291E-4C02-AE7B-2E76DBDC7386}.Debug|Any CPU.ActiveCfg = Debug|Any CPU
		{4A849844-291E-4C02-AE7B-2E76DBDC7386}.Debug|Any CPU.Build.0 = Debug|Any CPU
		{4A849844-291E-4C02-AE7B-2E76DBDC7386}.Release|Any CPU.ActiveCfg = Release|Any CPU
		{4A849844-291E-4C02-AE7B-2E76DBDC7386}.Release|Any CPU.Build.0 = Release|Any CPU
		{6C129520-2FD4-4C38-845D-07E80788F018}.Debug|Any CPU.ActiveCfg = Debug|Any CPU
		{6C129520-2FD4-4C38-845D-07E80788F018}.Debug|Any CPU.Build.0 = Debug|Any CPU
		{6C129520-2FD4-4C38-845D-07E80788F018}.Release|Any CPU.ActiveCfg = Release|Any CPU
		{6C129520-2FD4-4C38-845D-07E80788F018}.Release|Any CPU.Build.0 = Release|Any CPU
		{2197CAC7-22CE-4D24-838D-851E7667F134}.Debug|Any CPU.ActiveCfg = Debug|Any CPU
		{2197CAC7-22CE-4D24-838D-851E7667F134}.Debug|Any CPU.Build.0 = Debug|Any CPU
		{2197CAC7-22CE-4D24-838D-851E7667F134}.Release|Any CPU.ActiveCfg = Release|Any CPU
		{2197CAC7-22CE-4D24-838D-851E7667F134}.Release|Any CPU.Build.0 = Release|Any CPU
		{47C54C20-6544-4F4C-8471-353AD6AEC1BD}.Debug|Any CPU.ActiveCfg = Debug|Any CPU
		{47C54C20-6544-4F4C-8471-353AD6AEC1BD}.Debug|Any CPU.Build.0 = Debug|Any CPU
		{47C54C20-6544-4F4C-8471-353AD6AEC1BD}.Release|Any CPU.ActiveCfg = Release|Any CPU
		{47C54C20-6544-4F4C-8471-353AD6AEC1BD}.Release|Any CPU.Build.0 = Release|Any CPU
		{CDAA1E8C-798D-46F6-9FE2-0CBAF54FCB9B}.Debug|Any CPU.ActiveCfg = Debug|Any CPU
		{CDAA1E8C-798D-46F6-9FE2-0CBAF54FCB9B}.Debug|Any CPU.Build.0 = Debug|Any CPU
		{CDAA1E8C-798D-46F6-9FE2-0CBAF54FCB9B}.Release|Any CPU.ActiveCfg = Release|Any CPU
		{CDAA1E8C-798D-46F6-9FE2-0CBAF54FCB9B}.Release|Any CPU.Build.0 = Release|Any CPU
		{B990DEF2-DFBC-4ED8-A3F3-830090E61E57}.Debug|Any CPU.ActiveCfg = Debug|Any CPU
		{B990DEF2-DFBC-4ED8-A3F3-830090E61E57}.Debug|Any CPU.Build.0 = Debug|Any CPU
		{B990DEF2-DFBC-4ED8-A3F3-830090E61E57}.Release|Any CPU.ActiveCfg = Release|Any CPU
		{B990DEF2-DFBC-4ED8-A3F3-830090E61E57}.Release|Any CPU.Build.0 = Release|Any CPU
		{D9689C0C-2A70-49C8-A791-5C92AE240DAD}.Debug|Any CPU.ActiveCfg = Debug|Any CPU
		{D9689C0C-2A70-49C8-A791-5C92AE240DAD}.Debug|Any CPU.Build.0 = Debug|Any CPU
		{D9689C0C-2A70-49C8-A791-5C92AE240DAD}.Release|Any CPU.ActiveCfg = Release|Any CPU
		{D9689C0C-2A70-49C8-A791-5C92AE240DAD}.Release|Any CPU.Build.0 = Release|Any CPU
		{0A9816C4-F0FF-45E3-B9BD-8F2ECC8AFF7E}.Debug|Any CPU.ActiveCfg = Debug|Any CPU
		{0A9816C4-F0FF-45E3-B9BD-8F2ECC8AFF7E}.Debug|Any CPU.Build.0 = Debug|Any CPU
		{0A9816C4-F0FF-45E3-B9BD-8F2ECC8AFF7E}.Release|Any CPU.ActiveCfg = Release|Any CPU
		{0A9816C4-F0FF-45E3-B9BD-8F2ECC8AFF7E}.Release|Any CPU.Build.0 = Release|Any CPU
	EndGlobalSection
	GlobalSection(SolutionProperties) = preSolution
		HideSolutionNode = FALSE
	EndGlobalSection
EndGlobal
