
Microsoft Visual Studio Solution File, Format Version 12.00
# Visual Studio Version 17
VisualStudioVersion = 17.12.35527.113
MinimumVisualStudioVersion = 10.0.40219.1
Project("{FAE04EC0-301F-11D3-BF4B-00C04F79EFBC}") = "ClasseMetodos", "ClasseMetodos\ClasseMetodos.csproj", "{DF77D77C-CC80-4D38-86A3-BCBF6C77EDD1}"
EndProject
Project("{FAE04EC0-301F-11D3-BF4B-00C04F79EFBC}") = "2Metodos", "2Metodos\2Metodos.csproj", "{FFB3A447-4419-41DB-BA84-270F73DDF56D}"
EndProject
Project("{FAE04EC0-301F-11D3-BF4B-00C04F79EFBC}") = "3MetodosParemetros", "3MetodosParemetros\3MetodosParemetros.csproj", "{2D450FFA-C819-439B-8B7F-12107C99DAE4}"
EndProject
Project("{FAE04EC0-301F-11D3-BF4B-00C04F79EFBC}") = "4MetodosParametros", "4MetodosParametros\4MetodosParametros.csproj", "{36F3DCAD-C38A-47CD-9F30-5771C9327118}"
EndProject
Project("{FAE04EC0-301F-11D3-BF4B-00C04F79EFBC}") = "5Construtores", "5Construtores\5Construtores.csproj", "{80C2C5F4-AEC3-4297-85C9-0DAD75AC7A9D}"
EndProject
Project("{FAE04EC0-301F-11D3-BF4B-00C04F79EFBC}") = "06this", "06this\06this.csproj", "{BA379176-A02C-4C4E-A5EE-F5B388649F5F}"
EndProject
Project("{FAE04EC0-301F-11D3-BF4B-00C04F79EFBC}") = "ClassesMétodosExercicioPratico", "ClassesMétodosExercicioPratico\ClassesMétodosExercicioPratico.csproj", "{C18EEB4F-18DD-4A86-A52E-85F76DACE799}"
EndProject
Project("{FAE04EC0-301F-11D3-BF4B-00C04F79EFBC}") = "RespostaExercicio1", "RespostaExercicio1\RespostaExercicio1.csproj", "{6A6D31EE-703D-43FA-8250-9339835069C7}"
EndProject
Project("{FAE04EC0-301F-11D3-BF4B-00C04F79EFBC}") = "6MetodosComRetorno", "6MetodosComRetorno\6MetodosComRetorno.csproj", "{B571CAD4-BED0-418B-829A-5B0542F2E2C5}"
EndProject
Global
	GlobalSection(SolutionConfigurationPlatforms) = preSolution
		Debug|Any CPU = Debug|Any CPU
		Release|Any CPU = Release|Any CPU
	EndGlobalSection
	GlobalSection(ProjectConfigurationPlatforms) = postSolution
		{DF77D77C-CC80-4D38-86A3-BCBF6C77EDD1}.Debug|Any CPU.ActiveCfg = Debug|Any CPU
		{DF77D77C-CC80-4D38-86A3-BCBF6C77EDD1}.Debug|Any CPU.Build.0 = Debug|Any CPU
		{DF77D77C-CC80-4D38-86A3-BCBF6C77EDD1}.Release|Any CPU.ActiveCfg = Release|Any CPU
		{DF77D77C-CC80-4D38-86A3-BCBF6C77EDD1}.Release|Any CPU.Build.0 = Release|Any CPU
		{FFB3A447-4419-41DB-BA84-270F73DDF56D}.Debug|Any CPU.ActiveCfg = Debug|Any CPU
		{FFB3A447-4419-41DB-BA84-270F73DDF56D}.Debug|Any CPU.Build.0 = Debug|Any CPU
		{FFB3A447-4419-41DB-BA84-270F73DDF56D}.Release|Any CPU.ActiveCfg = Release|Any CPU
		{FFB3A447-4419-41DB-BA84-270F73DDF56D}.Release|Any CPU.Build.0 = Release|Any CPU
		{2D450FFA-C819-439B-8B7F-12107C99DAE4}.Debug|Any CPU.ActiveCfg = Debug|Any CPU
		{2D450FFA-C819-439B-8B7F-12107C99DAE4}.Debug|Any CPU.Build.0 = Debug|Any CPU
		{2D450FFA-C819-439B-8B7F-12107C99DAE4}.Release|Any CPU.ActiveCfg = Release|Any CPU
		{2D450FFA-C819-439B-8B7F-12107C99DAE4}.Release|Any CPU.Build.0 = Release|Any CPU
		{36F3DCAD-C38A-47CD-9F30-5771C9327118}.Debug|Any CPU.ActiveCfg = Debug|Any CPU
		{36F3DCAD-C38A-47CD-9F30-5771C9327118}.Debug|Any CPU.Build.0 = Debug|Any CPU
		{36F3DCAD-C38A-47CD-9F30-5771C9327118}.Release|Any CPU.ActiveCfg = Release|Any CPU
		{36F3DCAD-C38A-47CD-9F30-5771C9327118}.Release|Any CPU.Build.0 = Release|Any CPU
		{80C2C5F4-AEC3-4297-85C9-0DAD75AC7A9D}.Debug|Any CPU.ActiveCfg = Debug|Any CPU
		{80C2C5F4-AEC3-4297-85C9-0DAD75AC7A9D}.Debug|Any CPU.Build.0 = Debug|Any CPU
		{80C2C5F4-AEC3-4297-85C9-0DAD75AC7A9D}.Release|Any CPU.ActiveCfg = Release|Any CPU
		{80C2C5F4-AEC3-4297-85C9-0DAD75AC7A9D}.Release|Any CPU.Build.0 = Release|Any CPU
		{BA379176-A02C-4C4E-A5EE-F5B388649F5F}.Debug|Any CPU.ActiveCfg = Debug|Any CPU
		{BA379176-A02C-4C4E-A5EE-F5B388649F5F}.Debug|Any CPU.Build.0 = Debug|Any CPU
		{BA379176-A02C-4C4E-A5EE-F5B388649F5F}.Release|Any CPU.ActiveCfg = Release|Any CPU
		{BA379176-A02C-4C4E-A5EE-F5B388649F5F}.Release|Any CPU.Build.0 = Release|Any CPU
		{C18EEB4F-18DD-4A86-A52E-85F76DACE799}.Debug|Any CPU.ActiveCfg = Debug|Any CPU
		{C18EEB4F-18DD-4A86-A52E-85F76DACE799}.Debug|Any CPU.Build.0 = Debug|Any CPU
		{C18EEB4F-18DD-4A86-A52E-85F76DACE799}.Release|Any CPU.ActiveCfg = Release|Any CPU
		{C18EEB4F-18DD-4A86-A52E-85F76DACE799}.Release|Any CPU.Build.0 = Release|Any CPU
		{6A6D31EE-703D-43FA-8250-9339835069C7}.Debug|Any CPU.ActiveCfg = Debug|Any CPU
		{6A6D31EE-703D-43FA-8250-9339835069C7}.Debug|Any CPU.Build.0 = Debug|Any CPU
		{6A6D31EE-703D-43FA-8250-9339835069C7}.Release|Any CPU.ActiveCfg = Release|Any CPU
		{6A6D31EE-703D-43FA-8250-9339835069C7}.Release|Any CPU.Build.0 = Release|Any CPU
		{B571CAD4-BED0-418B-829A-5B0542F2E2C5}.Debug|Any CPU.ActiveCfg = Debug|Any CPU
		{B571CAD4-BED0-418B-829A-5B0542F2E2C5}.Debug|Any CPU.Build.0 = Debug|Any CPU
		{B571CAD4-BED0-418B-829A-5B0542F2E2C5}.Release|Any CPU.ActiveCfg = Release|Any CPU
		{B571CAD4-BED0-418B-829A-5B0542F2E2C5}.Release|Any CPU.Build.0 = Release|Any CPU
	EndGlobalSection
	GlobalSection(SolutionProperties) = preSolution
		HideSolutionNode = FALSE
	EndGlobalSection
EndGlobal
